PODS:
  - Expecta (1.0.5)
  - Expecta+Snapshots (3.0.0):
    - Expecta (~> 1.0)
    - FBSnapshotTestCase/Core (~> 2.0)
    - Specta (~> 1.0)
  - FBSnapshotTestCase (2.1.4):
    - FBSnapshotTestCase/SwiftSupport (= 2.1.4)
  - FBSnapshotTestCase/Core (2.1.4)
  - FBSnapshotTestCase/SwiftSupport (2.1.4):
    - FBSnapshotTestCase/Core
  - JSCardProcessor (0.1.5):
    - JSCardProcessor/Categories (= 0.1.5)
    - JSCardProcessor/UIKit (= 0.1.5)
  - JSCardProcessor/Categories (0.1.5)
  - JSCardProcessor/UIKit (0.1.5):
    - JSCardProcessor/Categories
  - Specta (1.0.5)

DEPENDENCIES:
  - Expecta
  - Expecta+Snapshots
  - FBSnapshotTestCase
  - JSCardProcessor (from `../`)
  - Specta

EXTERNAL SOURCES:
  JSCardProcessor:
    :path: "../"

SPEC CHECKSUMS:
  Expecta: e1c022fcd33910b6be89c291d2775b3fe27a89fe
  Expecta+Snapshots: c343f410c7a6392f3e22e78f94c44b6c0749a516
  FBSnapshotTestCase: '094f9f314decbabe373b87cc339bea235a63e07a'
  JSCardProcessor: 2b6244f2991da0c32aa538b646de7e7b76da37b2
  Specta: ac94d110b865115fe60ff2c6d7281053c6f8e8a2

PODFILE CHECKSUM: fa8d80fb063088e4bf38baf22f80b4b46eb545a9

COCOAPODS: 1.1.1
